github.com/frnckdlprt/gousb v1.1.3-0.20231230224731-2f7c8c945b28 h1:tt7a6fpuNAAFlXRSZ2GZqUHw921p/x/ye9gMkp8+arw=
github.com/frnckdlprt/gousb v1.1.3-0.20231230224731-2f7c8c945b28/go.mod h1:GGWUkK0gAXDzxhwrzetW592aOmkkqSGcj5KLEgmCVUg=
github.com/google/gousb v1.1.2 h1:1BwarNB3inFTFhPgUEfah4hwOPuDz/49I0uX8XNginU=
github.com/google/gousb v1.1.2/go.mod h1:GGWUkK0gAXDzxhwrzetW592aOmkkqSGcj5KLEgmCVUg=
github.com/gorilla/websocket v1.5.1 h1:gmztn0JnHVt9JZquRuzLw3g4wouNVzKL15iLr/zn/QY=
github.com/gorilla/websocket v1.5.1/go.mod h1:x3kM2JMyaluk02fnUJpQuwD2dCS5NDG2ZHL0uE0tcaY=
golang.org/x/net v0.17.0 h1:pVaXccu2ozPjCXewfr1S7xza/zcXTity9cCdXQYSjIM=
golang.org/x/net v0.17.0/go.mod h1:NxSsAGuq816PNPmqtQdLE42eU2Fs7NoRIZrHJAlaCOE=
